// !$*UTF8*$!
{
	archiveVersion = 1;
	classes = {
	};
	objectVersion = 77;
	objects = {

/* Begin PBXBuildFile section */
		CE53E06F2D906A560069655B /* Carbon.framework in Frameworks */ = {isa = PBXBuildFile; fileRef = CE53E06E2D906A560069655B /* Carbon.framework */; };
/* End PBXBuildFile section */

/* Begin PBXContainerItemProxy section */
		CE53E0482D9048A20069655B /* PBXContainerItemProxy */ = {
			isa = PBXContainerItemProxy;
			containerPortal = CE53E02E2D9048A00069655B /* Project object */;
			proxyType = 1;
			remoteGlobalIDString = CE53E0352D9048A00069655B;
			remoteInfo = ScreenOCR;
		};
		CE53E0522D9048A20069655B /* PBXContainerItemProxy */ = {
			isa = PBXContainerItemProxy;
			containerPortal = CE53E02E2D9048A00069655B /* Project object */;
			proxyType = 1;
			remoteGlobalIDString = CE53E0352D9048A00069655B;
			remoteInfo = ScreenOCR;
		};
/* End PBXContainerItemProxy section */

/* Begin PBXFileReference section */
		CE53E0362D9048A00069655B /* ScreenOCR.app */ = {isa = PBXFileReference; explicitFileType = wrapper.application; includeInIndex = 0; path = ScreenOCR.app; sourceTree = BUILT_PRODUCTS_DIR; };
		CE53E0472D9048A20069655B /* ScreenOCRTests.xctest */ = {isa = PBXFileReference; explicitFileType = wrapper.cfbundle; includeInIndex = 0; path = ScreenOCRTests.xctest; sourceTree = BUILT_PRODUCTS_DIR; };
		CE53E0512D9048A20069655B /* ScreenOCRUITests.xctest */ = {isa = PBXFileReference; explicitFileType = wrapper.cfbundle; includeInIndex = 0; path = ScreenOCRUITests.xctest; sourceTree = BUILT_PRODUCTS_DIR; };
		CE53E06E2D906A560069655B /* Carbon.framework */ = {isa = PBXFileReference; lastKnownFileType = wrapper.framework; name = Carbon.framework; path = System/Library/Frameworks/Carbon.framework; sourceTree = SDKROOT; };
/* End PBXFileReference section */

/* Begin PBXFileSystemSynchronizedBuildFileExceptionSet section */
		CE53E06A2D9049B90069655B /* Exceptions for "ScreenOCR" folder in "ScreenOCR" target */ = {
			isa = PBXFileSystemSynchronizedBuildFileExceptionSet;
			membershipExceptions = (
				project.pbxproj,
			);
			target = CE53E0352D9048A00069655B /* ScreenOCR */;
		};
/* End PBXFileSystemSynchronizedBuildFileExceptionSet section */

/* Begin PBXFileSystemSynchronizedGroupBuildPhaseMembershipExceptionSet section */
		CE53E06B2D9049B90069655B /* Exceptions for "ScreenOCR" folder in "Compile Sources" phase from "ScreenOCR" target */ = {
			isa = PBXFileSystemSynchronizedGroupBuildPhaseMembershipExceptionSet;
			buildPhase = CE53E0322D9048A00069655B /* Sources */;
			membershipExceptions = (
				project.pbxproj,
			);
		};
/* End PBXFileSystemSynchronizedGroupBuildPhaseMembershipExceptionSet section */

/* Begin PBXFileSystemSynchronizedRootGroup section */
		CE53E0382D9048A00069655B /* ScreenOCR */ = {
			isa = PBXFileSystemSynchronizedRootGroup;
			exceptions = (
				CE53E06A2D9049B90069655B /* Exceptions for "ScreenOCR" folder in "ScreenOCR" target */,
				CE53E06B2D9049B90069655B /* Exceptions for "ScreenOCR" folder in "Compile Sources" phase from "ScreenOCR" target */,
			);
			path = ScreenOCR;
			sourceTree = "<group>";
		};
		CE53E04A2D9048A20069655B /* ScreenOCRTests */ = {
			isa = PBXFileSystemSynchronizedRootGroup;
			path = ScreenOCRTests;
			sourceTree = "<group>";
		};
		CE53E0542D9048A20069655B /* ScreenOCRUITests */ = {
			isa = PBXFileSystemSynchronizedRootGroup;
			path = ScreenOCRUITests;
			sourceTree = "<group>";
		};
/* End PBXFileSystemSynchronizedRootGroup section */

/* Begin PBXFrameworksBuildPhase section */
		CE53E0332D9048A00069655B /* Frameworks */ = {
			isa = PBXFrameworksBuildPhase;
			buildActionMask = 2147483647;
			files = (
				CE53E06F2D906A560069655B /* Carbon.framework in Frameworks */,
			);
			runOnlyForDeploymentPostprocessing = 0;
		};
		CE53E0442D9048A20069655B /* Frameworks */ = {
			isa = PBXFrameworksBuildPhase;
			buildActionMask = 2147483647;
			files = (
			);
			runOnlyForDeploymentPostprocessing = 0;
		};
		CE53E04E2D9048A20069655B /* Frameworks */ = {
			isa = PBXFrameworksBuildPhase;
			buildActionMask = 2147483647;
			files = (
			);
			runOnlyForDeploymentPostprocessing = 0;
		};
/* End PBXFrameworksBuildPhase section */

/* Begin PBXGroup section */
		CE53E02D2D9048A00069655B = {
			isa = PBXGroup;
			children = (
				CE53E0382D9048A00069655B /* ScreenOCR */,
				CE53E04A2D9048A20069655B /* ScreenOCRTests */,
				CE53E0542D9048A20069655B /* ScreenOCRUITests */,
				CE53E06D2D906A560069655B /* Frameworks */,
				CE53E0372D9048A00069655B /* Products */,
			);
			sourceTree = "<group>";
		};
		CE53E0372D9048A00069655B /* Products */ = {
			isa = PBXGroup;
			children = (
				CE53E0362D9048A00069655B /* ScreenOCR.app */,
				CE53E0472D9048A20069655B /* ScreenOCRTests.xctest */,
				CE53E0512D9048A20069655B /* ScreenOCRUITests.xctest */,
			);
			name = Products;
			sourceTree = "<group>";
		};
		CE53E06D2D906A560069655B /* Frameworks */ = {
			isa = PBXGroup;
			children = (
				CE53E06E2D906A560069655B /* Carbon.framework */,
			);
			name = Frameworks;
			sourceTree = "<group>";
		};
/* End PBXGroup section */

/* Begin PBXNativeTarget section */
		CE53E0352D9048A00069655B /* ScreenOCR */ = {
			isa = PBXNativeTarget;
			buildConfigurationList = CE53E05B2D9048A20069655B /* Build configuration list for PBXNativeTarget "ScreenOCR" */;
			buildPhases = (
				CE53E0322D9048A00069655B /* Sources */,
				CE53E0332D9048A00069655B /* Frameworks */,
				CE53E0342D9048A00069655B /* Resources */,
			);
			buildRules = (
			);
			dependencies = (
			);
			fileSystemSynchronizedGroups = (
				CE53E0382D9048A00069655B /* ScreenOCR */,
			);
			name = ScreenOCR;
			packageProductDependencies = (
			);
			productName = ScreenOCR;
			productReference = CE53E0362D9048A00069655B /* ScreenOCR.app */;
			productType = "com.apple.product-type.application";
		};
		CE53E0462D9048A20069655B /* ScreenOCRTests */ = {
			isa = PBXNativeTarget;
			buildConfigurationList = CE53E05E2D9048A20069655B /* Build configuration list for PBXNativeTarget "ScreenOCRTests" */;
			buildPhases = (
				CE53E0432D9048A20069655B /* Sources */,
				CE53E0442D9048A20069655B /* Frameworks */,
				CE53E0452D9048A20069655B /* Resources */,
			);
			buildRules = (
			);
			dependencies = (
				CE53E0492D9048A20069655B /* PBXTargetDependency */,
			);
			fileSystemSynchronizedGroups = (
				CE53E04A2D9048A20069655B /* ScreenOCRTests */,
			);
			name = ScreenOCRTests;
			packageProductDependencies = (
			);
			productName = ScreenOCRTests;
			productReference = CE53E0472D9048A20069655B /* ScreenOCRTests.xctest */;
			productType = "com.apple.product-type.bundle.unit-test";
		};
		CE53E0502D9048A20069655B /* ScreenOCRUITests */ = {
			isa = PBXNativeTarget;
			buildConfigurationList = CE53E0612D9048A20069655B /* Build configuration list for PBXNativeTarget "ScreenOCRUITests" */;
			buildPhases = (
				CE53E04D2D9048A20069655B /* Sources */,
				CE53E04E2D9048A20069655B /* Frameworks */,
				CE53E04F2D9048A20069655B /* Resources */,
			);
			buildRules = (
			);
			dependencies = (
				CE53E0532D9048A20069655B /* PBXTargetDependency */,
			);
			fileSystemSynchronizedGroups = (
				CE53E0542D9048A20069655B /* ScreenOCRUITests */,
			);
			name = ScreenOCRUITests;
			packageProductDependencies = (
			);
			productName = ScreenOCRUITests;
			productReference = CE53E0512D9048A20069655B /* ScreenOCRUITests.xctest */;
			productType = "com.apple.product-type.bundle.ui-testing";
		};
/* End PBXNativeTarget section */

/* Begin PBXProject section */
		CE53E02E2D9048A00069655B /* Project object */ = {
			isa = PBXProject;
			attributes = {
				BuildIndependentTargetsInParallel = 1;
				LastSwiftUpdateCheck = 1620;
				LastUpgradeCheck = 1620;
				TargetAttributes = {
					CE53E0352D9048A00069655B = {
						CreatedOnToolsVersion = 16.2;
					};
					CE53E0462D9048A20069655B = {
						CreatedOnToolsVersion = 16.2;
						TestTargetID = CE53E0352D9048A00069655B;
					};
					CE53E0502D9048A20069655B = {
						CreatedOnToolsVersion = 16.2;
						TestTargetID = CE53E0352D9048A00069655B;
					};
				};
			};
			buildConfigurationList = CE53E0312D9048A00069655B /* Build configuration list for PBXProject "ScreenOCR" */;
			developmentRegion = en;
			hasScannedForEncodings = 0;
			knownRegions = (
				en,
				Base,
			);
			mainGroup = CE53E02D2D9048A00069655B;
			minimizedProjectReferenceProxies = 1;
			preferredProjectObjectVersion = 77;
			productRefGroup = CE53E0372D9048A00069655B /* Products */;
			projectDirPath = "";
			projectRoot = "";
			targets = (
				CE53E0352D9048A00069655B /* ScreenOCR */,
				CE53E0462D9048A20069655B /* ScreenOCRTests */,
				CE53E0502D9048A20069655B /* ScreenOCRUITests */,
			);
		};
/* End PBXProject section */

/* Begin PBXResourcesBuildPhase section */
		CE53E0342D9048A00069655B /* Resources */ = {
			isa = PBXResourcesBuildPhase;
			buildActionMask = 2147483647;
			files = (
			);
			runOnlyForDeploymentPostprocessing = 0;
		};
		CE53E0452D9048A20069655B /* Resources */ = {
			isa = PBXResourcesBuildPhase;
			buildActionMask = 2147483647;
			files = (
			);
			runOnlyForDeploymentPostprocessing = 0;
		};
		CE53E04F2D9048A20069655B /* Resources */ = {
			isa = PBXResourcesBuildPhase;
			buildActionMask = 2147483647;
			files = (
			);
			runOnlyForDeploymentPostprocessing = 0;
		};
/* End PBXResourcesBuildPhase section */

/* Begin PBXSourcesBuildPhase section */
		CE53E0322D9048A00069655B /* Sources */ = {
			isa = PBXSourcesBuildPhase;
			buildActionMask = 2147483647;
			files = (
			);
			runOnlyForDeploymentPostprocessing = 0;
		};
		CE53E0432D9048A20069655B /* Sources */ = {
			isa = PBXSourcesBuildPhase;
			buildActionMask = 2147483647;
			files = (
			);
			runOnlyForDeploymentPostprocessing = 0;
		};
		CE53E04D2D9048A20069655B /* Sources */ = {
			isa = PBXSourcesBuildPhase;
			buildActionMask = 2147483647;
			files = (
			);
			runOnlyForDeploymentPostprocessing = 0;
		};
/* End PBXSourcesBuildPhase section */

/* Begin PBXTargetDependency section */
		CE53E0492D9048A20069655B /* PBXTargetDependency */ = {
			isa = PBXTargetDependency;
			target = CE53E0352D9048A00069655B /* ScreenOCR */;
			targetProxy = CE53E0482D9048A20069655B /* PBXContainerItemProxy */;
		};
		CE53E0532D9048A20069655B /* PBXTargetDependency */ = {
			isa = PBXTargetDependency;
			target = CE53E0352D9048A00069655B /* ScreenOCR */;
			targetProxy = CE53E0522D9048A20069655B /* PBXContainerItemProxy */;
		};
/* End PBXTargetDependency section */

/* Begin XCBuildConfiguration section */
		CE53E0592D9048A20069655B /* Debug */ = {
			isa = XCBuildConfiguration;
			buildSettings = {
				ALWAYS_SEARCH_USER_PATHS = NO;
				ASSETCATALOG_COMPILER_GENERATE_SWIFT_ASSET_SYMBOL_EXTENSIONS = YES;
				CLANG_ANALYZER_NONNULL = YES;
				CLANG_ANALYZER_NUMBER_OBJECT_CONVERSION = YES_AGGRESSIVE;
				CLANG_CXX_LANGUAGE_STANDARD = "gnu++20";
				CLANG_ENABLE_MODULES = YES;
				CLANG_ENABLE_OBJC_ARC = YES;
				CLANG_ENABLE_OBJC_WEAK = YES;
				CLANG_WARN_BLOCK_CAPTURE_AUTORELEASING = YES;
				CLANG_WARN_BOOL_CONVERSION = YES;
				CLANG_WARN_COMMA = YES;
				CLANG_WARN_CONSTANT_CONVERSION = YES;
				CLANG_WARN_DEPRECATED_OBJC_IMPLEMENTATIONS = YES;
				CLANG_WARN_DIRECT_OBJC_ISA_USAGE = YES_ERROR;
				CLANG_WARN_DOCUMENTATION_COMMENTS = YES;
				CLANG_WARN_EMPTY_BODY = YES;
				CLANG_WARN_ENUM_CONVERSION = YES;
				CLANG_WARN_INFINITE_RECURSION = YES;
				CLANG_WARN_INT_CONVERSION = YES;
				CLANG_WARN_NON_LITERAL_NULL_CONVERSION = YES;
				CLANG_WARN_OBJC_IMPLICIT_RETAIN_SELF = YES;
				CLANG_WARN_OBJC_LITERAL_CONVERSION = YES;
				CLANG_WARN_OBJC_ROOT_CLASS = YES_ERROR;
				CLANG_WARN_QUOTED_INCLUDE_IN_FRAMEWORK_HEADER = YES;
				CLANG_WARN_RANGE_LOOP_ANALYSIS = YES;
				CLANG_WARN_STRICT_PROTOTYPES = YES;
				CLANG_WARN_SUSPICIOUS_MOVE = YES;
				CLANG_WARN_UNGUARDED_AVAILABILITY = YES_AGGRESSIVE;
				CLANG_WARN_UNREACHABLE_CODE = YES;
				CLANG_WARN__DUPLICATE_METHOD_MATCH = YES;
				COPY_PHASE_STRIP = NO;
				DEBUG_INFORMATION_FORMAT = dwarf;
				ENABLE_STRICT_OBJC_MSGSEND = YES;
				ENABLE_TESTABILITY = YES;
				ENABLE_USER_SCRIPT_SANDBOXING = YES;
				GCC_C_LANGUAGE_STANDARD = gnu17;
				GCC_DYNAMIC_NO_PIC = NO;
				GCC_NO_COMMON_BLOCKS = YES;
				GCC_OPTIMIZATION_LEVEL = 0;
				GCC_PREPROCESSOR_DEFINITIONS = (
					"DEBUG=1",
					"$(inherited)",
				);
				GCC_WARN_64_TO_32_BIT_CONVERSION = YES;
				GCC_WARN_ABOUT_RETURN_TYPE = YES_ERROR;
				GCC_WARN_UNDECLARED_SELECTOR = YES;
				GCC_WARN_UNINITIALIZED_AUTOS = YES_AGGRESSIVE;
				GCC_WARN_UNUSED_FUNCTION = YES;
				GCC_WARN_UNUSED_VARIABLE = YES;
				LOCALIZATION_PREFERS_STRING_CATALOGS = YES;
				MACOSX_DEPLOYMENT_TARGET = 15.2;
				MTL_ENABLE_DEBUG_INFO = INCLUDE_SOURCE;
				MTL_FAST_MATH = YES;
				ONLY_ACTIVE_ARCH = YES;
				SDKROOT = macosx;
				SWIFT_ACTIVE_COMPILATION_CONDITIONS = "DEBUG $(inherited)";
				SWIFT_OPTIMIZATION_LEVEL = "-Onone";
			};
			name = Debug;
		};
		CE53E05A2D9048A20069655B /* Release */ = {
			isa = XCBuildConfiguration;
			buildSettings = {
				ALWAYS_SEARCH_USER_PATHS = NO;
				ASSETCATALOG_COMPILER_GENERATE_SWIFT_ASSET_SYMBOL_EXTENSIONS = YES;
				CLANG_ANALYZER_NONNULL = YES;
				CLANG_ANALYZER_NUMBER_OBJECT_CONVERSION = YES_AGGRESSIVE;
				CLANG_CXX_LANGUAGE_STANDARD = "gnu++20";
				CLANG_ENABLE_MODULES = YES;
				CLANG_ENABLE_OBJC_ARC = YES;
				CLANG_ENABLE_OBJC_WEAK = YES;
				CLANG_WARN_BLOCK_CAPTURE_AUTORELEASING = YES;
				CLANG_WARN_BOOL_CONVERSION = YES;
				CLANG_WARN_COMMA = YES;
				CLANG_WARN_CONSTANT_CONVERSION = YES;
				CLANG_WARN_DEPRECATED_OBJC_IMPLEMENTATIONS = YES;
				CLANG_WARN_DIRECT_OBJC_ISA_USAGE = YES_ERROR;
				CLANG_WARN_DOCUMENTATION_COMMENTS = YES;
				CLANG_WARN_EMPTY_BODY = YES;
				CLANG_WARN_ENUM_CONVERSION = YES;
				CLANG_WARN_INFINITE_RECURSION = YES;
				CLANG_WARN_INT_CONVERSION = YES;
				CLANG_WARN_NON_LITERAL_NULL_CONVERSION = YES;
				CLANG_WARN_OBJC_IMPLICIT_RETAIN_SELF = YES;
				CLANG_WARN_OBJC_LITERAL_CONVERSION = YES;
				CLANG_WARN_OBJC_ROOT_CLASS = YES_ERROR;
				CLANG_WARN_QUOTED_INCLUDE_IN_FRAMEWORK_HEADER = YES;
				CLANG_WARN_RANGE_LOOP_ANALYSIS = YES;
				CLANG_WARN_STRICT_PROTOTYPES = YES;
				CLANG_WARN_SUSPICIOUS_MOVE = YES;
				CLANG_WARN_UNGUARDED_AVAILABILITY = YES_AGGRESSIVE;
				CLANG_WARN_UNREACHABLE_CODE = YES;
				CLANG_WARN__DUPLICATE_METHOD_MATCH = YES;
				COPY_PHASE_STRIP = NO;
				DEBUG_INFORMATION_FORMAT = "dwarf-with-dsym";
				ENABLE_NS_ASSERTIONS = NO;
				ENABLE_STRICT_OBJC_MSGSEND = YES;
				ENABLE_USER_SCRIPT_SANDBOXING = YES;
				GCC_C_LANGUAGE_STANDARD = gnu17;
				GCC_NO_COMMON_BLOCKS = YES;
				GCC_WARN_64_TO_32_BIT_CONVERSION = YES;
				GCC_WARN_ABOUT_RETURN_TYPE = YES_ERROR;
				GCC_WARN_UNDECLARED_SELECTOR = YES;
				GCC_WARN_UNINITIALIZED_AUTOS = YES_AGGRESSIVE;
				GCC_WARN_UNUSED_FUNCTION = YES;
				GCC_WARN_UNUSED_VARIABLE = YES;
				LOCALIZATION_PREFERS_STRING_CATALOGS = YES;
				MACOSX_DEPLOYMENT_TARGET = 15.2;
				MTL_ENABLE_DEBUG_INFO = NO;
				MTL_FAST_MATH = YES;
				SDKROOT = macosx;
				SWIFT_COMPILATION_MODE = wholemodule;
			};
			name = Release;
		};
		CE53E05C2D9048A20069655B /* Debug */ = {
			isa = XCBuildConfiguration;
			buildSettings = {
				ASSETCATALOG_COMPILER_APPICON_NAME = AppIcon;
				ASSETCATALOG_COMPILER_GLOBAL_ACCENT_COLOR_NAME = AccentColor;
				CODE_SIGN_ENTITLEMENTS = ScreenOCR/ScreenOCR.entitlements;
				CODE_SIGN_STYLE = Automatic;
				COMBINE_HIDPI_IMAGES = YES;
				CURRENT_PROJECT_VERSION = 1;
				DEVELOPMENT_ASSET_PATHS = "\"ScreenOCR/Preview Content\"";
				ENABLE_PREVIEWS = YES;
				GENERATE_INFOPLIST_FILE = YES;
				INFOPLIST_KEY_NSHumanReadableCopyright = "";
				LD_RUNPATH_SEARCH_PATHS = (
					"$(inherited)",
					"@executable_path/../Frameworks",
				);
				MARKETING_VERSION = 1.0;
				PRODUCT_BUNDLE_IDENTIFIER = me.ScreenOCR;
				PRODUCT_NAME = "$(TARGET_NAME)";
				SWIFT_EMIT_LOC_STRINGS = YES;
				SWIFT_VERSION = 5.0;
			};
			name = Debug;
		};
		CE53E05D2D9048A20069655B /* Release */ = {
			isa = XCBuildConfiguration;
			buildSettings = {
				ASSETCATALOG_COMPILER_APPICON_NAME = AppIcon;
				ASSETCATALOG_COMPILER_GLOBAL_ACCENT_COLOR_NAME = AccentColor;
				CODE_SIGN_ENTITLEMENTS = ScreenOCR/ScreenOCR.entitlements;
				CODE_SIGN_STYLE = Automatic;
				COMBINE_HIDPI_IMAGES = YES;
				CURRENT_PROJECT_VERSION = 1;
				DEVELOPMENT_ASSET_PATHS = "\"ScreenOCR/Preview Content\"";
				ENABLE_PREVIEWS = YES;
				GENERATE_INFOPLIST_FILE = YES;
				INFOPLIST_KEY_NSHumanReadableCopyright = "";
				LD_RUNPATH_SEARCH_PATHS = (
					"$(inherited)",
					"@executable_path/../Frameworks",
				);
				MARKETING_VERSION = 1.0;
				PRODUCT_BUNDLE_IDENTIFIER = me.ScreenOCR;
				PRODUCT_NAME = "$(TARGET_NAME)";
				SWIFT_EMIT_LOC_STRINGS = YES;
				SWIFT_VERSION = 5.0;
			};
			name = Release;
		};
		CE53E05F2D9048A20069655B /* Debug */ = {
			isa = XCBuildConfiguration;
			buildSettings = {
				BUNDLE_LOADER = "$(TEST_HOST)";
				CODE_SIGN_STYLE = Automatic;
				CURRENT_PROJECT_VERSION = 1;
				GENERATE_INFOPLIST_FILE = YES;
				MACOSX_DEPLOYMENT_TARGET = 15.2;
				MARKETING_VERSION = 1.0;
				PRODUCT_BUNDLE_IDENTIFIER = me.ScreenOCRTests;
				PRODUCT_NAME = "$(TARGET_NAME)";
				SWIFT_EMIT_LOC_STRINGS = NO;
				SWIFT_VERSION = 5.0;
				TEST_HOST = "$(BUILT_PRODUCTS_DIR)/ScreenOCR.app/$(BUNDLE_EXECUTABLE_FOLDER_PATH)/ScreenOCR";
			};
			name = Debug;
		};
		CE53E0602D9048A20069655B /* Release */ = {
			isa = XCBuildConfiguration;
			buildSettings = {
				BUNDLE_LOADER = "$(TEST_HOST)";
				CODE_SIGN_STYLE = Automatic;
				CURRENT_PROJECT_VERSION = 1;
				GENERATE_INFOPLIST_FILE = YES;
				MACOSX_DEPLOYMENT_TARGET = 15.2;
				MARKETING_VERSION = 1.0;
				PRODUCT_BUNDLE_IDENTIFIER = me.ScreenOCRTests;
				PRODUCT_NAME = "$(TARGET_NAME)";
				SWIFT_EMIT_LOC_STRINGS = NO;
				SWIFT_VERSION = 5.0;
				TEST_HOST = "$(BUILT_PRODUCTS_DIR)/ScreenOCR.app/$(BUNDLE_EXECUTABLE_FOLDER_PATH)/ScreenOCR";
			};
			name = Release;
		};
		CE53E0622D9048A20069655B /* Debug */ = {
			isa = XCBuildConfiguration;
			buildSettings = {
				CODE_SIGN_STYLE = Automatic;
				CURRENT_PROJECT_VERSION = 1;
				GENERATE_INFOPLIST_FILE = YES;
				MARKETING_VERSION = 1.0;
				PRODUCT_BUNDLE_IDENTIFIER = me.ScreenOCRUITests;
				PRODUCT_NAME = "$(TARGET_NAME)";
				SWIFT_EMIT_LOC_STRINGS = NO;
				SWIFT_VERSION = 5.0;
				TEST_TARGET_NAME = ScreenOCR;
			};
			name = Debug;
		};
		CE53E0632D9048A20069655B /* Release */ = {
			isa = XCBuildConfiguration;
			buildSettings = {
				CODE_SIGN_STYLE = Automatic;
				CURRENT_PROJECT_VERSION = 1;
				GENERATE_INFOPLIST_FILE = YES;
				MARKETING_VERSION = 1.0;
				PRODUCT_BUNDLE_IDENTIFIER = me.ScreenOCRUITests;
				PRODUCT_NAME = "$(TARGET_NAME)";
				SWIFT_EMIT_LOC_STRINGS = NO;
				SWIFT_VERSION = 5.0;
				TEST_TARGET_NAME = ScreenOCR;
			};
			name = Release;
		};
/* End XCBuildConfiguration section */

/* Begin XCConfigurationList section */
		CE53E0312D9048A00069655B /* Build configuration list for PBXProject "ScreenOCR" */ = {
			isa = XCConfigurationList;
			buildConfigurations = (
				CE53E0592D9048A20069655B /* Debug */,
				CE53E05A2D9048A20069655B /* Release */,
			);
			defaultConfigurationIsVisible = 0;
			defaultConfigurationName = Release;
		};
		CE53E05B2D9048A20069655B /* Build configuration list for PBXNativeTarget "ScreenOCR" */ = {
			isa = XCConfigurationList;
			buildConfigurations = (
				CE53E05C2D9048A20069655B /* Debug */,
				CE53E05D2D9048A20069655B /* Release */,
			);
			defaultConfigurationIsVisible = 0;
			defaultConfigurationName = Release;
		};
		CE53E05E2D9048A20069655B /* Build configuration list for PBXNativeTarget "ScreenOCRTests" */ = {
			isa = XCConfigurationList;
			buildConfigurations = (
				CE53E05F2D9048A20069655B /* Debug */,
				CE53E0602D9048A20069655B /* Release */,
			);
			defaultConfigurationIsVisible = 0;
			defaultConfigurationName = Release;
		};
		CE53E0612D9048A20069655B /* Build configuration list for PBXNativeTarget "ScreenOCRUITests" */ = {
			isa = XCConfigurationList;
			buildConfigurations = (
				CE53E0622D9048A20069655B /* Debug */,
				CE53E0632D9048A20069655B /* Release */,
			);
			defaultConfigurationIsVisible = 0;
			defaultConfigurationName = Release;
		};
/* End XCConfigurationList section */
	};
	rootObject = CE53E02E2D9048A00069655B /* Project object */;
}
